
Microsoft Visual Studio Solution File, Format Version 12.00
# Visual Studio Version 17
VisualStudioVersion = 17.11.35312.102
MinimumVisualStudioVersion = 10.0.40219.1
Project("{9A19103F-16F7-4668-BE54-9A1E7A4F7556}") = "ReviewVisualizer.WebApi", "ReviewVisualizer.WebApi\ReviewVisualizer.WebApi.csproj", "{C92A56B8-94D1-4FDE-8A6C-1909A31FDDF0}"
EndProject
Project("{9A19103F-16F7-4668-BE54-9A1E7A4F7556}") = "ReviewVisualizer.Data", "ReviewVisualizer.Data\ReviewVisualizer.Data.csproj", "{C19A692E-CBBD-407F-B2FA-53CF671ABDDD}"
EndProject
Project("{9A19103F-16F7-4668-BE54-9A1E7A4F7556}") = "ReviewVisualizer.Generator", "ReviewVisualizer.Generator\ReviewVisualizer.Generator.csproj", "{1B7DDF42-9F48-4DA4-97FE-B8CC81DFC8A1}"
EndProject
Project("{9A19103F-16F7-4668-BE54-9A1E7A4F7556}") = "ReviewVisualizer.AuthLibrary", "ReviewVisualizer.AuthLibrary\ReviewVisualizer.AuthLibrary.csproj", "{581BB282-BF15-482E-A144-4B227F6DFFC0}"
EndProject
Project("{FAE04EC0-301F-11D3-BF4B-00C04F79EFBC}") = "ReviewVisualizer.Generator.Tests", "ReviewVisualizer.Generator.Tests\ReviewVisualizer.Generator.Tests.csproj", "{E61FBDE3-0BA6-4FC9-A330-07FDE99EB6AD}"
EndProject
Project("{FAE04EC0-301F-11D3-BF4B-00C04F79EFBC}") = "ReviewVisualizer.Generator.IntegrationTests", "ReviewVisualizer.Generator.IntegrationTests\ReviewVisualizer.Generator.IntegrationTests.csproj", "{D9CFB845-706C-42EF-B0D9-67ADF364CF52}"
EndProject
Project("{2150E333-8FDC-42A3-9474-1A3956D46DE8}") = "Tests", "Tests", "{27A2C130-8BAA-4D95-9AF5-612EC658BAA3}"
EndProject
Project("{FAE04EC0-301F-11D3-BF4B-00C04F79EFBC}") = "ReviewVisualizer.TestUtils", "ReviewVisualizer.TestUtils\ReviewVisualizer.TestUtils.csproj", "{1BEAE04D-0EF1-4B66-B9BF-1CCC81205D32}"
EndProject
Global
	GlobalSection(SolutionConfigurationPlatforms) = preSolution
		Debug|Any CPU = Debug|Any CPU
		Release|Any CPU = Release|Any CPU
	EndGlobalSection
	GlobalSection(ProjectConfigurationPlatforms) = postSolution
		{C92A56B8-94D1-4FDE-8A6C-1909A31FDDF0}.Debug|Any CPU.ActiveCfg = Debug|Any CPU
		{C92A56B8-94D1-4FDE-8A6C-1909A31FDDF0}.Debug|Any CPU.Build.0 = Debug|Any CPU
		{C92A56B8-94D1-4FDE-8A6C-1909A31FDDF0}.Release|Any CPU.ActiveCfg = Release|Any CPU
		{C92A56B8-94D1-4FDE-8A6C-1909A31FDDF0}.Release|Any CPU.Build.0 = Release|Any CPU
		{C19A692E-CBBD-407F-B2FA-53CF671ABDDD}.Debug|Any CPU.ActiveCfg = Debug|Any CPU
		{C19A692E-CBBD-407F-B2FA-53CF671ABDDD}.Debug|Any CPU.Build.0 = Debug|Any CPU
		{C19A692E-CBBD-407F-B2FA-53CF671ABDDD}.Release|Any CPU.ActiveCfg = Release|Any CPU
		{C19A692E-CBBD-407F-B2FA-53CF671ABDDD}.Release|Any CPU.Build.0 = Release|Any CPU
		{1B7DDF42-9F48-4DA4-97FE-B8CC81DFC8A1}.Debug|Any CPU.ActiveCfg = Debug|Any CPU
		{1B7DDF42-9F48-4DA4-97FE-B8CC81DFC8A1}.Debug|Any CPU.Build.0 = Debug|Any CPU
		{1B7DDF42-9F48-4DA4-97FE-B8CC81DFC8A1}.Release|Any CPU.ActiveCfg = Release|Any CPU
		{1B7DDF42-9F48-4DA4-97FE-B8CC81DFC8A1}.Release|Any CPU.Build.0 = Release|Any CPU
		{581BB282-BF15-482E-A144-4B227F6DFFC0}.Debug|Any CPU.ActiveCfg = Debug|Any CPU
		{581BB282-BF15-482E-A144-4B227F6DFFC0}.Debug|Any CPU.Build.0 = Debug|Any CPU
		{581BB282-BF15-482E-A144-4B227F6DFFC0}.Release|Any CPU.ActiveCfg = Release|Any CPU
		{581BB282-BF15-482E-A144-4B227F6DFFC0}.Release|Any CPU.Build.0 = Release|Any CPU
		{E61FBDE3-0BA6-4FC9-A330-07FDE99EB6AD}.Debug|Any CPU.ActiveCfg = Debug|Any CPU
		{E61FBDE3-0BA6-4FC9-A330-07FDE99EB6AD}.Debug|Any CPU.Build.0 = Debug|Any CPU
		{E61FBDE3-0BA6-4FC9-A330-07FDE99EB6AD}.Release|Any CPU.ActiveCfg = Release|Any CPU
		{E61FBDE3-0BA6-4FC9-A330-07FDE99EB6AD}.Release|Any CPU.Build.0 = Release|Any CPU
		{D9CFB845-706C-42EF-B0D9-67ADF364CF52}.Debug|Any CPU.ActiveCfg = Debug|Any CPU
		{D9CFB845-706C-42EF-B0D9-67ADF364CF52}.Debug|Any CPU.Build.0 = Debug|Any CPU
		{D9CFB845-706C-42EF-B0D9-67ADF364CF52}.Release|Any CPU.ActiveCfg = Release|Any CPU
		{D9CFB845-706C-42EF-B0D9-67ADF364CF52}.Release|Any CPU.Build.0 = Release|Any CPU
		{1BEAE04D-0EF1-4B66-B9BF-1CCC81205D32}.Debug|Any CPU.ActiveCfg = Debug|Any CPU
		{1BEAE04D-0EF1-4B66-B9BF-1CCC81205D32}.Debug|Any CPU.Build.0 = Debug|Any CPU
		{1BEAE04D-0EF1-4B66-B9BF-1CCC81205D32}.Release|Any CPU.ActiveCfg = Release|Any CPU
		{1BEAE04D-0EF1-4B66-B9BF-1CCC81205D32}.Release|Any CPU.Build.0 = Release|Any CPU
	EndGlobalSection
	GlobalSection(SolutionProperties) = preSolution
		HideSolutionNode = FALSE
	EndGlobalSection
	GlobalSection(NestedProjects) = preSolution
		{E61FBDE3-0BA6-4FC9-A330-07FDE99EB6AD} = {27A2C130-8BAA-4D95-9AF5-612EC658BAA3}
		{D9CFB845-706C-42EF-B0D9-67ADF364CF52} = {27A2C130-8BAA-4D95-9AF5-612EC658BAA3}
		{1BEAE04D-0EF1-4B66-B9BF-1CCC81205D32} = {27A2C130-8BAA-4D95-9AF5-612EC658BAA3}
	EndGlobalSection
	GlobalSection(ExtensibilityGlobals) = postSolution
		SolutionGuid = {7B58ED61-B3FC-4930-AB40-840E3F11F0AB}
	EndGlobalSection
EndGlobal
